
Microsoft Visual Studio Solution File, Format Version 12.00
# Visual Studio 14
VisualStudioVersion = 14.0.25420.1
MinimumVisualStudioVersion = 10.0.40219.1
Project("{FAE04EC0-301F-11D3-BF4B-00C04F79EFBC}") = "TwinSnakesTools.Data", "Data\TwinSnakesTools.Data.csproj", "{31FFC1B1-D3BA-4DE4-A81D-9828E02AFAB4}"
EndProject
Project("{FAE04EC0-301F-11D3-BF4B-00C04F79EFBC}") = "TwinSnakesTools.GUI", "GUI\TwinSnakesTools.GUI.csproj", "{0808D10B-341A-49D3-96CA-D72C93F03072}"
EndProject
Global
	GlobalSection(SolutionConfigurationPlatforms) = preSolution
		Debug|Any CPU = Debug|Any CPU
		Release|Any CPU = Release|Any CPU
	EndGlobalSection
	GlobalSection(ProjectConfigurationPlatforms) = postSolution
		{31FFC1B1-D3BA-4DE4-A81D-9828E02AFAB4}.Debug|Any CPU.ActiveCfg = Debug|Any CPU
		{31FFC1B1-D3BA-4DE4-A81D-9828E02AFAB4}.Debug|Any CPU.Build.0 = Debug|Any CPU
		{31FFC1B1-D3BA-4DE4-A81D-9828E02AFAB4}.Release|Any CPU.ActiveCfg = Release|Any CPU
		{31FFC1B1-D3BA-4DE4-A81D-9828E02AFAB4}.Release|Any CPU.Build.0 = Release|Any CPU
		{0808D10B-341A-49D3-96CA-D72C93F03072}.Debug|Any CPU.ActiveCfg = Debug|Any CPU
		{0808D10B-341A-49D3-96CA-D72C93F03072}.Debug|Any CPU.Build.0 = Debug|Any CPU
		{0808D10B-341A-49D3-96CA-D72C93F03072}.Release|Any CPU.ActiveCfg = Release|Any CPU
		{0808D10B-341A-49D3-96CA-D72C93F03072}.Release|Any CPU.Build.0 = Release|Any CPU
	EndGlobalSection
	GlobalSection(SolutionProperties) = preSolution
		HideSolutionNode = FALSE
	EndGlobalSection
EndGlobal
